
Microsoft Visual Studio Solution File, Format Version 12.00
# Visual Studio Version 17
VisualStudioVersion = 17.5.33516.290
MinimumVisualStudioVersion = 10.0.40219.1
Project("{FAE04EC0-301F-11D3-BF4B-00C04F79EFBC}") = "Zero Hunger", "Zero Hunger\Zero Hunger.csproj", "{111CC7DB-C11A-4538-8ABD-1B35BA46545A}"
EndProject
Global
	GlobalSection(SolutionConfigurationPlatforms) = preSolution
		Debug|Any CPU = Debug|Any CPU
		Release|Any CPU = Release|Any CPU
	EndGlobalSection
	GlobalSection(ProjectConfigurationPlatforms) = postSolution
		{111CC7DB-C11A-4538-8ABD-1B35BA46545A}.Debug|Any CPU.ActiveCfg = Debug|Any CPU
		{111CC7DB-C11A-4538-8ABD-1B35BA46545A}.Debug|Any CPU.Build.0 = Debug|Any CPU
		{111CC7DB-C11A-4538-8ABD-1B35BA46545A}.Release|Any CPU.ActiveCfg = Release|Any CPU
		{111CC7DB-C11A-4538-8ABD-1B35BA46545A}.Release|Any CPU.Build.0 = Release|Any CPU
	EndGlobalSection
	GlobalSection(SolutionProperties) = preSolution
		HideSolutionNode = FALSE
	EndGlobalSection
	GlobalSection(ExtensibilityGlobals) = postSolution
		SolutionGuid = {67A91392-2600-4E9A-B84C-B39FE3551171}
	EndGlobalSection
EndGlobal
